<?xml version="1.0" encoding="utf-8"?>
<Project ToolsVersion="4.0" xmlns="http://schemas.microsoft.com/developer/msbuild/2003">
  <ItemGroup>
    <Filter Include="Storm">
      <UniqueIdentifier>{3A751E0E-A689-46BF-6F0B-EA1EDBDE42F0}</UniqueIdentifier>
    </Filter>
  </ItemGroup>
  <ItemGroup>
    <ClInclude Include="src\Storm.h" />
    <ClInclude Include="src\Storm\Application.h">
      <Filter>Storm</Filter>
    </ClInclude>
    <ClInclude Include="src\Storm\Core.h">
      <Filter>Storm</Filter>
    </ClInclude>
    <ClInclude Include="src\Storm\EntryPoint.h">
      <Filter>Storm</Filter>
    </ClInclude>
    <ClInclude Include="src\Storm\Log.h">
      <Filter>Storm</Filter>
    </ClInclude>
  </ItemGroup>
  <ItemGroup>
    <ClCompile Include="src\Storm\Application.cpp">
      <Filter>Storm</Filter>
    </ClCompile>
    <ClCompile Include="src\Storm\Log.cpp">
      <Filter>Storm</Filter>
    </ClCompile>
  </ItemGroup>
</Project>