
Microsoft Visual Studio Solution File, Format Version 12.00
# Visual Studio Version 17
Project("{8BC9CEB8-8B4A-11D0-8D11-00A0C91BC942}") = "StormPlayer", "StormPlayer\StormPlayer.vcxproj", "{67428A3D-D3F7-0233-5CEC-FC09C8A0F936}"
EndProject
Project("{8BC9CEB8-8B4A-11D0-8D11-00A0C91BC942}") = "StormEngine", "StormEngine\StormEngine.vcxproj", "{D0BB0824-3C71-8119-C565-7BF0311A781D}"
EndProject
Global
	GlobalSection(SolutionConfigurationPlatforms) = preSolution
		Debug|x64 = Debug|x64
		Release|x64 = Release|x64
	EndGlobalSection
	GlobalSection(ProjectConfigurationPlatforms) = postSolution
		{67428A3D-D3F7-0233-5CEC-FC09C8A0F936}.Debug|x64.ActiveCfg = Debug|x64
		{67428A3D-D3F7-0233-5CEC-FC09C8A0F936}.Debug|x64.Build.0 = Debug|x64
		{67428A3D-D3F7-0233-5CEC-FC09C8A0F936}.Release|x64.ActiveCfg = Release|x64
		{67428A3D-D3F7-0233-5CEC-FC09C8A0F936}.Release|x64.Build.0 = Release|x64
		{D0BB0824-3C71-8119-C565-7BF0311A781D}.Debug|x64.ActiveCfg = Debug|x64
		{D0BB0824-3C71-8119-C565-7BF0311A781D}.Debug|x64.Build.0 = Debug|x64
		{D0BB0824-3C71-8119-C565-7BF0311A781D}.Release|x64.ActiveCfg = Release|x64
		{D0BB0824-3C71-8119-C565-7BF0311A781D}.Release|x64.Build.0 = Release|x64
	EndGlobalSection
	GlobalSection(SolutionProperties) = preSolution
		HideSolutionNode = FALSE
	EndGlobalSection
EndGlobal
